// !$*UTF8*$!
{
	archiveVersion = 1;
	classes = {
	};
	objectVersion = 51;
	objects = {

/* Begin PBXBuildFile section */
		10422A1A64633E000E85882A /* Pods_AnImediateUITests.framework in Frameworks */ = {isa = PBXBuildFile; fileRef = FCAB57F523E445CEC838C2B1 /* Pods_AnImediateUITests.framework */; };
		3238AFFB22C1D23700C8D3DD /* AnimeListVC.swift in Sources */ = {isa = PBXBuildFile; fileRef = 3238AFFA22C1D23700C8D3DD /* AnimeListVC.swift */; };
		3238AFFD22C1D24700C8D3DD /* RecomCollectionViewCell.swift in Sources */ = {isa = PBXBuildFile; fileRef = 3238AFFC22C1D24700C8D3DD /* RecomCollectionViewCell.swift */; };
		3238AFFF22C1D25200C8D3DD /* RecomCollectionViewCell.xib in Resources */ = {isa = PBXBuildFile; fileRef = 3238AFFE22C1D25200C8D3DD /* RecomCollectionViewCell.xib */; };
		3238B00122C1D25A00C8D3DD /* Work.swift in Sources */ = {isa = PBXBuildFile; fileRef = 3238B00022C1D25A00C8D3DD /* Work.swift */; };
		32CDA22C22CB218800BD5A76 /* SearchVC.swift in Sources */ = {isa = PBXBuildFile; fileRef = 32CDA22B22CB218800BD5A76 /* SearchVC.swift */; };
		32CDA22E22CB219A00BD5A76 /* Search.storyboard in Resources */ = {isa = PBXBuildFile; fileRef = 32CDA22D22CB219A00BD5A76 /* Search.storyboard */; };
		32CDA23022CB21BD00BD5A76 /* SearchResultVC.swift in Sources */ = {isa = PBXBuildFile; fileRef = 32CDA22F22CB21BD00BD5A76 /* SearchResultVC.swift */; };
		32CDA23222CB21D300BD5A76 /* SearchResult.storyboard in Resources */ = {isa = PBXBuildFile; fileRef = 32CDA23122CB21D300BD5A76 /* SearchResult.storyboard */; };
		32CDA23522CB228700BD5A76 /* ThisTermCollectionViewCell.swift in Sources */ = {isa = PBXBuildFile; fileRef = 32CDA23322CB228700BD5A76 /* ThisTermCollectionViewCell.swift */; };
		32CDA23622CB228700BD5A76 /* ThisTermCollectionViewCell.xib in Resources */ = {isa = PBXBuildFile; fileRef = 32CDA23422CB228700BD5A76 /* ThisTermCollectionViewCell.xib */; };
		3F854D1D22CB719F00A1BADA /* ExchangeResult.storyboard in Resources */ = {isa = PBXBuildFile; fileRef = 3F854D1C22CB719F00A1BADA /* ExchangeResult.storyboard */; };
		3F854D1F22CC570700A1BADA /* ExchangeResult.swift in Sources */ = {isa = PBXBuildFile; fileRef = 3F854D1E22CC570700A1BADA /* ExchangeResult.swift */; };
		500DC47722C4DCD800C345C9 /* ExchangeVC.swift in Sources */ = {isa = PBXBuildFile; fileRef = 500DC47622C4DCD800C345C9 /* ExchangeVC.swift */; };
		50165BAB22C5961E00A038C8 /* WCGraintCircleLayer.swift in Sources */ = {isa = PBXBuildFile; fileRef = 50165BAA22C5961E00A038C8 /* WCGraintCircleLayer.swift */; };
		50165BAF22C994E300A038C8 /* P2PConnectivity.swift in Sources */ = {isa = PBXBuildFile; fileRef = 50165BAE22C994E300A038C8 /* P2PConnectivity.swift */; };
		50165BB122C994EA00A038C8 /* BLEConnectivity.swift in Sources */ = {isa = PBXBuildFile; fileRef = 50165BB022C994EA00A038C8 /* BLEConnectivity.swift */; };
		50165BB322C995BC00A038C8 /* UserInfo.swift in Sources */ = {isa = PBXBuildFile; fileRef = 50165BB222C995BC00A038C8 /* UserInfo.swift */; };
		50165BB522CAEAE300A038C8 /* WatchData.swift in Sources */ = {isa = PBXBuildFile; fileRef = 50165BB422CAEAE300A038C8 /* WatchData.swift */; };
		509D820A22C364D800BF813F /* UIColorExtension.swift in Sources */ = {isa = PBXBuildFile; fileRef = 509D820922C364D800BF813F /* UIColorExtension.swift */; };
		509D820C22C3710900BF813F /* SettingVC.swift in Sources */ = {isa = PBXBuildFile; fileRef = 509D820B22C3710900BF813F /* SettingVC.swift */; };
		50A5965322C0A04900378AAB /* AppDelegate.swift in Sources */ = {isa = PBXBuildFile; fileRef = 50A5965222C0A04900378AAB /* AppDelegate.swift */; };
		50A5965522C0A04900378AAB /* ViewController.swift in Sources */ = {isa = PBXBuildFile; fileRef = 50A5965422C0A04900378AAB /* ViewController.swift */; };
		50A5965822C0A04900378AAB /* Main.storyboard in Resources */ = {isa = PBXBuildFile; fileRef = 50A5965622C0A04900378AAB /* Main.storyboard */; };
		50A5965D22C0A04A00378AAB /* LaunchScreen.storyboard in Resources */ = {isa = PBXBuildFile; fileRef = 50A5965B22C0A04A00378AAB /* LaunchScreen.storyboard */; };
		50A5966822C0A04A00378AAB /* AnImediateTests.swift in Sources */ = {isa = PBXBuildFile; fileRef = 50A5966722C0A04A00378AAB /* AnImediateTests.swift */; };
		50A5967322C0A04A00378AAB /* AnImediateUITests.swift in Sources */ = {isa = PBXBuildFile; fileRef = 50A5967222C0A04A00378AAB /* AnImediateUITests.swift */; };
		50A5968122C0AD6400378AAB /* Home.storyboard in Resources */ = {isa = PBXBuildFile; fileRef = 50A5968022C0AD6400378AAB /* Home.storyboard */; };
		50A5968322C0AD9C00378AAB /* Exchange.storyboard in Resources */ = {isa = PBXBuildFile; fileRef = 50A5968222C0AD9C00378AAB /* Exchange.storyboard */; };
		50A5968522C0ADC500378AAB /* AnimeList.storyboard in Resources */ = {isa = PBXBuildFile; fileRef = 50A5968422C0ADC500378AAB /* AnimeList.storyboard */; };
		50A5968722C0ADD500378AAB /* Setting.storyboard in Resources */ = {isa = PBXBuildFile; fileRef = 50A5968622C0ADD500378AAB /* Setting.storyboard */; };
		50A5968922C0B09100378AAB /* Login.storyboard in Resources */ = {isa = PBXBuildFile; fileRef = 50A5968822C0B09100378AAB /* Login.storyboard */; };
		50A5968B22C0B11100378AAB /* SignUp.storyboard in Resources */ = {isa = PBXBuildFile; fileRef = 50A5968A22C0B11100378AAB /* SignUp.storyboard */; };
		50A5968D22C0B51900378AAB /* LoginVC.swift in Sources */ = {isa = PBXBuildFile; fileRef = 50A5968C22C0B51900378AAB /* LoginVC.swift */; };
		50A5968F22C0BAD900378AAB /* GoogleService-Info.plist in Resources */ = {isa = PBXBuildFile; fileRef = 50A5968E22C0BAD900378AAB /* GoogleService-Info.plist */; };
		50A5969122C19F7A00378AAB /* SignUpVC.swift in Sources */ = {isa = PBXBuildFile; fileRef = 50A5969022C19F7A00378AAB /* SignUpVC.swift */; };
		50A5969322C1F16C00378AAB /* HomeVC.swift in Sources */ = {isa = PBXBuildFile; fileRef = 50A5969222C1F16C00378AAB /* HomeVC.swift */; };
		50A5969522C2F2E200378AAB /* Assets.xcassets in Resources */ = {isa = PBXBuildFile; fileRef = 50A5969422C2F2E200378AAB /* Assets.xcassets */; };
		50A5969C22C313DE00378AAB /* HomeHeaderVC.swift in Sources */ = {isa = PBXBuildFile; fileRef = 50A5969B22C313DE00378AAB /* HomeHeaderVC.swift */; };
		9643AE2222C6080800899B61 /* sendMailVC.swift in Sources */ = {isa = PBXBuildFile; fileRef = 9643AE2122C6080800899B61 /* sendMailVC.swift */; };
		9643AE2422C608E800899B61 /* MessageUI.framework in Frameworks */ = {isa = PBXBuildFile; fileRef = 9643AE2322C608E800899B61 /* MessageUI.framework */; };
		CD59A32782CAAF15C7CBFF1B /* Pods_AnImediateTests.framework in Frameworks */ = {isa = PBXBuildFile; fileRef = CC790C0ACAC6A6F023CCB81C /* Pods_AnImediateTests.framework */; };
		F39589C84FD6D64323060327 /* Pods_AnImediate.framework in Frameworks */ = {isa = PBXBuildFile; fileRef = D0F582B62C817D67B8B3C7B2 /* Pods_AnImediate.framework */; };
/* End PBXBuildFile section */

/* Begin PBXContainerItemProxy section */
		50A5966422C0A04A00378AAB /* PBXContainerItemProxy */ = {
			isa = PBXContainerItemProxy;
			containerPortal = 50A5964722C0A04900378AAB /* Project object */;
			proxyType = 1;
			remoteGlobalIDString = 50A5964E22C0A04900378AAB;
			remoteInfo = AnImediate;
		};
		50A5966F22C0A04A00378AAB /* PBXContainerItemProxy */ = {
			isa = PBXContainerItemProxy;
			containerPortal = 50A5964722C0A04900378AAB /* Project object */;
			proxyType = 1;
			remoteGlobalIDString = 50A5964E22C0A04900378AAB;
			remoteInfo = AnImediate;
		};
/* End PBXContainerItemProxy section */

/* Begin PBXFileReference section */
		3238AFFA22C1D23700C8D3DD /* AnimeListVC.swift */ = {isa = PBXFileReference; fileEncoding = 4; lastKnownFileType = sourcecode.swift; path = AnimeListVC.swift; sourceTree = "<group>"; };
		3238AFFC22C1D24700C8D3DD /* RecomCollectionViewCell.swift */ = {isa = PBXFileReference; fileEncoding = 4; lastKnownFileType = sourcecode.swift; path = RecomCollectionViewCell.swift; sourceTree = "<group>"; };
		3238AFFE22C1D25200C8D3DD /* RecomCollectionViewCell.xib */ = {isa = PBXFileReference; fileEncoding = 4; lastKnownFileType = file.xib; path = RecomCollectionViewCell.xib; sourceTree = "<group>"; };
		3238B00022C1D25A00C8D3DD /* Work.swift */ = {isa = PBXFileReference; fileEncoding = 4; lastKnownFileType = sourcecode.swift; path = Work.swift; sourceTree = "<group>"; };
		32CDA22B22CB218800BD5A76 /* SearchVC.swift */ = {isa = PBXFileReference; lastKnownFileType = sourcecode.swift; path = SearchVC.swift; sourceTree = "<group>"; };
		32CDA22D22CB219A00BD5A76 /* Search.storyboard */ = {isa = PBXFileReference; lastKnownFileType = file.storyboard; path = Search.storyboard; sourceTree = "<group>"; };
		32CDA22F22CB21BD00BD5A76 /* SearchResultVC.swift */ = {isa = PBXFileReference; lastKnownFileType = sourcecode.swift; path = SearchResultVC.swift; sourceTree = "<group>"; };
		32CDA23122CB21D300BD5A76 /* SearchResult.storyboard */ = {isa = PBXFileReference; lastKnownFileType = file.storyboard; path = SearchResult.storyboard; sourceTree = "<group>"; };
		32CDA23322CB228700BD5A76 /* ThisTermCollectionViewCell.swift */ = {isa = PBXFileReference; lastKnownFileType = sourcecode.swift; path = ThisTermCollectionViewCell.swift; sourceTree = "<group>"; };
		32CDA23422CB228700BD5A76 /* ThisTermCollectionViewCell.xib */ = {isa = PBXFileReference; lastKnownFileType = file.xib; path = ThisTermCollectionViewCell.xib; sourceTree = "<group>"; };
		3F854D1C22CB719F00A1BADA /* ExchangeResult.storyboard */ = {isa = PBXFileReference; lastKnownFileType = file.storyboard; path = ExchangeResult.storyboard; sourceTree = "<group>"; };
		3F854D1E22CC570700A1BADA /* ExchangeResult.swift */ = {isa = PBXFileReference; lastKnownFileType = sourcecode.swift; path = ExchangeResult.swift; sourceTree = "<group>"; };
		500DC47622C4DCD800C345C9 /* ExchangeVC.swift */ = {isa = PBXFileReference; lastKnownFileType = sourcecode.swift; path = ExchangeVC.swift; sourceTree = "<group>"; };
		50165BAA22C5961E00A038C8 /* WCGraintCircleLayer.swift */ = {isa = PBXFileReference; lastKnownFileType = sourcecode.swift; path = WCGraintCircleLayer.swift; sourceTree = "<group>"; };
		50165BAE22C994E300A038C8 /* P2PConnectivity.swift */ = {isa = PBXFileReference; fileEncoding = 4; lastKnownFileType = sourcecode.swift; path = P2PConnectivity.swift; sourceTree = "<group>"; };
		50165BB022C994EA00A038C8 /* BLEConnectivity.swift */ = {isa = PBXFileReference; fileEncoding = 4; lastKnownFileType = sourcecode.swift; path = BLEConnectivity.swift; sourceTree = "<group>"; };
		50165BB222C995BC00A038C8 /* UserInfo.swift */ = {isa = PBXFileReference; lastKnownFileType = sourcecode.swift; path = UserInfo.swift; sourceTree = "<group>"; };
		50165BB422CAEAE300A038C8 /* WatchData.swift */ = {isa = PBXFileReference; lastKnownFileType = sourcecode.swift; path = WatchData.swift; sourceTree = "<group>"; };
		5098E2373B4F5EBAB8EFCFE3 /* Pods-AnImediateTests.release.xcconfig */ = {isa = PBXFileReference; includeInIndex = 1; lastKnownFileType = text.xcconfig; name = "Pods-AnImediateTests.release.xcconfig"; path = "Pods/Target Support Files/Pods-AnImediateTests/Pods-AnImediateTests.release.xcconfig"; sourceTree = "<group>"; };
		509D820922C364D800BF813F /* UIColorExtension.swift */ = {isa = PBXFileReference; lastKnownFileType = sourcecode.swift; path = UIColorExtension.swift; sourceTree = "<group>"; };
		509D820B22C3710900BF813F /* SettingVC.swift */ = {isa = PBXFileReference; fileEncoding = 4; lastKnownFileType = sourcecode.swift; path = SettingVC.swift; sourceTree = "<group>"; };
		50A5964F22C0A04900378AAB /* AnImediate.app */ = {isa = PBXFileReference; explicitFileType = wrapper.application; includeInIndex = 0; path = AnImediate.app; sourceTree = BUILT_PRODUCTS_DIR; };
		50A5965222C0A04900378AAB /* AppDelegate.swift */ = {isa = PBXFileReference; lastKnownFileType = sourcecode.swift; path = AppDelegate.swift; sourceTree = "<group>"; };
		50A5965422C0A04900378AAB /* ViewController.swift */ = {isa = PBXFileReference; lastKnownFileType = sourcecode.swift; path = ViewController.swift; sourceTree = "<group>"; };
		50A5965722C0A04900378AAB /* Base */ = {isa = PBXFileReference; lastKnownFileType = file.storyboard; name = Base; path = Base.lproj/Main.storyboard; sourceTree = "<group>"; };
		50A5965C22C0A04A00378AAB /* Base */ = {isa = PBXFileReference; lastKnownFileType = file.storyboard; name = Base; path = Base.lproj/LaunchScreen.storyboard; sourceTree = "<group>"; };
		50A5965E22C0A04A00378AAB /* Info.plist */ = {isa = PBXFileReference; lastKnownFileType = text.plist.xml; path = Info.plist; sourceTree = "<group>"; };
		50A5966322C0A04A00378AAB /* AnImediateTests.xctest */ = {isa = PBXFileReference; explicitFileType = wrapper.cfbundle; includeInIndex = 0; path = AnImediateTests.xctest; sourceTree = BUILT_PRODUCTS_DIR; };
		50A5966722C0A04A00378AAB /* AnImediateTests.swift */ = {isa = PBXFileReference; lastKnownFileType = sourcecode.swift; path = AnImediateTests.swift; sourceTree = "<group>"; };
		50A5966922C0A04A00378AAB /* Info.plist */ = {isa = PBXFileReference; lastKnownFileType = text.plist.xml; path = Info.plist; sourceTree = "<group>"; };
		50A5966E22C0A04A00378AAB /* AnImediateUITests.xctest */ = {isa = PBXFileReference; explicitFileType = wrapper.cfbundle; includeInIndex = 0; path = AnImediateUITests.xctest; sourceTree = BUILT_PRODUCTS_DIR; };
		50A5967222C0A04A00378AAB /* AnImediateUITests.swift */ = {isa = PBXFileReference; lastKnownFileType = sourcecode.swift; path = AnImediateUITests.swift; sourceTree = "<group>"; };
		50A5967422C0A04A00378AAB /* Info.plist */ = {isa = PBXFileReference; lastKnownFileType = text.plist.xml; path = Info.plist; sourceTree = "<group>"; };
		50A5968022C0AD6400378AAB /* Home.storyboard */ = {isa = PBXFileReference; lastKnownFileType = file.storyboard; path = Home.storyboard; sourceTree = "<group>"; };
		50A5968222C0AD9C00378AAB /* Exchange.storyboard */ = {isa = PBXFileReference; lastKnownFileType = file.storyboard; path = Exchange.storyboard; sourceTree = "<group>"; };
		50A5968422C0ADC500378AAB /* AnimeList.storyboard */ = {isa = PBXFileReference; lastKnownFileType = file.storyboard; path = AnimeList.storyboard; sourceTree = "<group>"; };
		50A5968622C0ADD500378AAB /* Setting.storyboard */ = {isa = PBXFileReference; lastKnownFileType = file.storyboard; path = Setting.storyboard; sourceTree = "<group>"; };
		50A5968822C0B09100378AAB /* Login.storyboard */ = {isa = PBXFileReference; lastKnownFileType = file.storyboard; path = Login.storyboard; sourceTree = "<group>"; };
		50A5968A22C0B11100378AAB /* SignUp.storyboard */ = {isa = PBXFileReference; lastKnownFileType = file.storyboard; path = SignUp.storyboard; sourceTree = "<group>"; };
		50A5968C22C0B51900378AAB /* LoginVC.swift */ = {isa = PBXFileReference; lastKnownFileType = sourcecode.swift; path = LoginVC.swift; sourceTree = "<group>"; };
		50A5968E22C0BAD900378AAB /* GoogleService-Info.plist */ = {isa = PBXFileReference; fileEncoding = 4; lastKnownFileType = text.plist.xml; path = "GoogleService-Info.plist"; sourceTree = "<group>"; };
		50A5969022C19F7A00378AAB /* SignUpVC.swift */ = {isa = PBXFileReference; lastKnownFileType = sourcecode.swift; path = SignUpVC.swift; sourceTree = "<group>"; };
		50A5969222C1F16C00378AAB /* HomeVC.swift */ = {isa = PBXFileReference; lastKnownFileType = sourcecode.swift; path = HomeVC.swift; sourceTree = "<group>"; };
		50A5969422C2F2E200378AAB /* Assets.xcassets */ = {isa = PBXFileReference; lastKnownFileType = folder.assetcatalog; path = Assets.xcassets; sourceTree = "<group>"; };
		50A5969722C2FBD500378AAB /* AnImediate-Bridging-Header.h */ = {isa = PBXFileReference; lastKnownFileType = sourcecode.c.h; path = "AnImediate-Bridging-Header.h"; sourceTree = "<group>"; };
		50A5969B22C313DE00378AAB /* HomeHeaderVC.swift */ = {isa = PBXFileReference; lastKnownFileType = sourcecode.swift; path = HomeHeaderVC.swift; sourceTree = "<group>"; };
		9643AE2122C6080800899B61 /* sendMailVC.swift */ = {isa = PBXFileReference; lastKnownFileType = sourcecode.swift; path = sendMailVC.swift; sourceTree = "<group>"; };
		9643AE2322C608E800899B61 /* MessageUI.framework */ = {isa = PBXFileReference; lastKnownFileType = wrapper.framework; name = MessageUI.framework; path = System/Library/Frameworks/MessageUI.framework; sourceTree = SDKROOT; };
		B0E9B47C3A4EA7396AA01598 /* Pods-AnImediateTests.debug.xcconfig */ = {isa = PBXFileReference; includeInIndex = 1; lastKnownFileType = text.xcconfig; name = "Pods-AnImediateTests.debug.xcconfig"; path = "Pods/Target Support Files/Pods-AnImediateTests/Pods-AnImediateTests.debug.xcconfig"; sourceTree = "<group>"; };
		B68E9BB81DF5216782F7EB60 /* Pods-AnImediateUITests.debug.xcconfig */ = {isa = PBXFileReference; includeInIndex = 1; lastKnownFileType = text.xcconfig; name = "Pods-AnImediateUITests.debug.xcconfig"; path = "Pods/Target Support Files/Pods-AnImediateUITests/Pods-AnImediateUITests.debug.xcconfig"; sourceTree = "<group>"; };
		CC790C0ACAC6A6F023CCB81C /* Pods_AnImediateTests.framework */ = {isa = PBXFileReference; explicitFileType = wrapper.framework; includeInIndex = 0; path = Pods_AnImediateTests.framework; sourceTree = BUILT_PRODUCTS_DIR; };
		D0F582B62C817D67B8B3C7B2 /* Pods_AnImediate.framework */ = {isa = PBXFileReference; explicitFileType = wrapper.framework; includeInIndex = 0; path = Pods_AnImediate.framework; sourceTree = BUILT_PRODUCTS_DIR; };
		EC37CF02F491BD4700AF8D47 /* Pods-AnImediateUITests.release.xcconfig */ = {isa = PBXFileReference; includeInIndex = 1; lastKnownFileType = text.xcconfig; name = "Pods-AnImediateUITests.release.xcconfig"; path = "Pods/Target Support Files/Pods-AnImediateUITests/Pods-AnImediateUITests.release.xcconfig"; sourceTree = "<group>"; };
		EE0226A2FFB630F77D4C884F /* Pods-AnImediate.release.xcconfig */ = {isa = PBXFileReference; includeInIndex = 1; lastKnownFileType = text.xcconfig; name = "Pods-AnImediate.release.xcconfig"; path = "Pods/Target Support Files/Pods-AnImediate/Pods-AnImediate.release.xcconfig"; sourceTree = "<group>"; };
		FCAB57F523E445CEC838C2B1 /* Pods_AnImediateUITests.framework */ = {isa = PBXFileReference; explicitFileType = wrapper.framework; includeInIndex = 0; path = Pods_AnImediateUITests.framework; sourceTree = BUILT_PRODUCTS_DIR; };
		FDBAE68DAB7B5D57B7618542 /* Pods-AnImediate.debug.xcconfig */ = {isa = PBXFileReference; includeInIndex = 1; lastKnownFileType = text.xcconfig; name = "Pods-AnImediate.debug.xcconfig"; path = "Pods/Target Support Files/Pods-AnImediate/Pods-AnImediate.debug.xcconfig"; sourceTree = "<group>"; };
/* End PBXFileReference section */

/* Begin PBXFrameworksBuildPhase section */
		50A5964C22C0A04900378AAB /* Frameworks */ = {
			isa = PBXFrameworksBuildPhase;
			buildActionMask = 2147483647;
			files = (
				9643AE2422C608E800899B61 /* MessageUI.framework in Frameworks */,
				F39589C84FD6D64323060327 /* Pods_AnImediate.framework in Frameworks */,
			);
			runOnlyForDeploymentPostprocessing = 0;
		};
		50A5966022C0A04A00378AAB /* Frameworks */ = {
			isa = PBXFrameworksBuildPhase;
			buildActionMask = 2147483647;
			files = (
				CD59A32782CAAF15C7CBFF1B /* Pods_AnImediateTests.framework in Frameworks */,
			);
			runOnlyForDeploymentPostprocessing = 0;
		};
		50A5966B22C0A04A00378AAB /* Frameworks */ = {
			isa = PBXFrameworksBuildPhase;
			buildActionMask = 2147483647;
			files = (
				10422A1A64633E000E85882A /* Pods_AnImediateUITests.framework in Frameworks */,
			);
			runOnlyForDeploymentPostprocessing = 0;
		};
/* End PBXFrameworksBuildPhase section */

/* Begin PBXGroup section */
		50A5964622C0A04900378AAB = {
			isa = PBXGroup;
			children = (
				50A5965122C0A04900378AAB /* AnImediate */,
				50A5966622C0A04A00378AAB /* AnImediateTests */,
				50A5967122C0A04A00378AAB /* AnImediateUITests */,
				50A5965022C0A04900378AAB /* Products */,
				7ED19E292A0A9BF089458C46 /* Pods */,
				59FB79C804F93F0C7E94E561 /* Frameworks */,
			);
			sourceTree = "<group>";
		};
		50A5965022C0A04900378AAB /* Products */ = {
			isa = PBXGroup;
			children = (
				50A5964F22C0A04900378AAB /* AnImediate.app */,
				50A5966322C0A04A00378AAB /* AnImediateTests.xctest */,
				50A5966E22C0A04A00378AAB /* AnImediateUITests.xctest */,
			);
			name = Products;
			sourceTree = "<group>";
		};
		50A5965122C0A04900378AAB /* AnImediate */ = {
			isa = PBXGroup;
			children = (
				50165BB022C994EA00A038C8 /* BLEConnectivity.swift */,
				50165BAE22C994E300A038C8 /* P2PConnectivity.swift */,
				50165BB222C995BC00A038C8 /* UserInfo.swift */,
				50165BB422CAEAE300A038C8 /* WatchData.swift */,
				50A5965222C0A04900378AAB /* AppDelegate.swift */,
				50A5965422C0A04900378AAB /* ViewController.swift */,
				50A5968C22C0B51900378AAB /* LoginVC.swift */,
				50A5969022C19F7A00378AAB /* SignUpVC.swift */,
				50A5969222C1F16C00378AAB /* HomeVC.swift */,
				50A5969B22C313DE00378AAB /* HomeHeaderVC.swift */,
				500DC47622C4DCD800C345C9 /* ExchangeVC.swift */,
				3F854D1E22CC570700A1BADA /* ExchangeResult.swift */,
				50165BAA22C5961E00A038C8 /* WCGraintCircleLayer.swift */,
				3238AFFA22C1D23700C8D3DD /* AnimeListVC.swift */,
				3238AFFC22C1D24700C8D3DD /* RecomCollectionViewCell.swift */,
				32CDA23322CB228700BD5A76 /* ThisTermCollectionViewCell.swift */,
				32CDA22B22CB218800BD5A76 /* SearchVC.swift */,
				32CDA22F22CB21BD00BD5A76 /* SearchResultVC.swift */,
				509D820B22C3710900BF813F /* SettingVC.swift */,
				9643AE2122C6080800899B61 /* sendMailVC.swift */,
				3238B00022C1D25A00C8D3DD /* Work.swift */,
				509D820922C364D800BF813F /* UIColorExtension.swift */,
				50A5968822C0B09100378AAB /* Login.storyboard */,
				50A5968A22C0B11100378AAB /* SignUp.storyboard */,
				50A5965622C0A04900378AAB /* Main.storyboard */,
				50A5968022C0AD6400378AAB /* Home.storyboard */,
				50A5968222C0AD9C00378AAB /* Exchange.storyboard */,
				3F854D1C22CB719F00A1BADA /* ExchangeResult.storyboard */,
				50A5968422C0ADC500378AAB /* AnimeList.storyboard */,
				3238AFFE22C1D25200C8D3DD /* RecomCollectionViewCell.xib */,
				32CDA23422CB228700BD5A76 /* ThisTermCollectionViewCell.xib */,
				32CDA22D22CB219A00BD5A76 /* Search.storyboard */,
				32CDA23122CB21D300BD5A76 /* SearchResult.storyboard */,
				50A5968622C0ADD500378AAB /* Setting.storyboard */,
				50A5965B22C0A04A00378AAB /* LaunchScreen.storyboard */,
				50A5969422C2F2E200378AAB /* Assets.xcassets */,
				50A5965E22C0A04A00378AAB /* Info.plist */,
				50A5968E22C0BAD900378AAB /* GoogleService-Info.plist */,
				50A5969722C2FBD500378AAB /* AnImediate-Bridging-Header.h */,
			);
			path = AnImediate;
			sourceTree = "<group>";
		};
		50A5966622C0A04A00378AAB /* AnImediateTests */ = {
			isa = PBXGroup;
			children = (
				50A5966722C0A04A00378AAB /* AnImediateTests.swift */,
				50A5966922C0A04A00378AAB /* Info.plist */,
			);
			path = AnImediateTests;
			sourceTree = "<group>";
		};
		50A5967122C0A04A00378AAB /* AnImediateUITests */ = {
			isa = PBXGroup;
			children = (
				50A5967222C0A04A00378AAB /* AnImediateUITests.swift */,
				50A5967422C0A04A00378AAB /* Info.plist */,
			);
			path = AnImediateUITests;
			sourceTree = "<group>";
		};
		59FB79C804F93F0C7E94E561 /* Frameworks */ = {
			isa = PBXGroup;
			children = (
				9643AE2322C608E800899B61 /* MessageUI.framework */,
				D0F582B62C817D67B8B3C7B2 /* Pods_AnImediate.framework */,
				CC790C0ACAC6A6F023CCB81C /* Pods_AnImediateTests.framework */,
				FCAB57F523E445CEC838C2B1 /* Pods_AnImediateUITests.framework */,
			);
			name = Frameworks;
			sourceTree = "<group>";
		};
		7ED19E292A0A9BF089458C46 /* Pods */ = {
			isa = PBXGroup;
			children = (
				FDBAE68DAB7B5D57B7618542 /* Pods-AnImediate.debug.xcconfig */,
				EE0226A2FFB630F77D4C884F /* Pods-AnImediate.release.xcconfig */,
				B0E9B47C3A4EA7396AA01598 /* Pods-AnImediateTests.debug.xcconfig */,
				5098E2373B4F5EBAB8EFCFE3 /* Pods-AnImediateTests.release.xcconfig */,
				B68E9BB81DF5216782F7EB60 /* Pods-AnImediateUITests.debug.xcconfig */,
				EC37CF02F491BD4700AF8D47 /* Pods-AnImediateUITests.release.xcconfig */,
			);
			name = Pods;
			sourceTree = "<group>";
		};
/* End PBXGroup section */

/* Begin PBXNativeTarget section */
		50A5964E22C0A04900378AAB /* AnImediate */ = {
			isa = PBXNativeTarget;
			buildConfigurationList = 50A5967722C0A04A00378AAB /* Build configuration list for PBXNativeTarget "AnImediate" */;
			buildPhases = (
				EBDD59C72116393AE18D4E40 /* [CP] Check Pods Manifest.lock */,
				50A5964B22C0A04900378AAB /* Sources */,
				50A5964C22C0A04900378AAB /* Frameworks */,
				50A5964D22C0A04900378AAB /* Resources */,
				36C54A20FF5A64875A2467E8 /* [CP] Embed Pods Frameworks */,
			);
			buildRules = (
			);
			dependencies = (
			);
			name = AnImediate;
			productName = AnImediate;
			productReference = 50A5964F22C0A04900378AAB /* AnImediate.app */;
			productType = "com.apple.product-type.application";
		};
		50A5966222C0A04A00378AAB /* AnImediateTests */ = {
			isa = PBXNativeTarget;
			buildConfigurationList = 50A5967A22C0A04A00378AAB /* Build configuration list for PBXNativeTarget "AnImediateTests" */;
			buildPhases = (
				B51B53E126CFB1A754490BEB /* [CP] Check Pods Manifest.lock */,
				50A5965F22C0A04A00378AAB /* Sources */,
				50A5966022C0A04A00378AAB /* Frameworks */,
				50A5966122C0A04A00378AAB /* Resources */,
			);
			buildRules = (
			);
			dependencies = (
				50A5966522C0A04A00378AAB /* PBXTargetDependency */,
			);
			name = AnImediateTests;
			productName = AnImediateTests;
			productReference = 50A5966322C0A04A00378AAB /* AnImediateTests.xctest */;
			productType = "com.apple.product-type.bundle.unit-test";
		};
		50A5966D22C0A04A00378AAB /* AnImediateUITests */ = {
			isa = PBXNativeTarget;
			buildConfigurationList = 50A5967D22C0A04A00378AAB /* Build configuration list for PBXNativeTarget "AnImediateUITests" */;
			buildPhases = (
				6841F1C93BB31280EAD5585A /* [CP] Check Pods Manifest.lock */,
				50A5966A22C0A04A00378AAB /* Sources */,
				50A5966B22C0A04A00378AAB /* Frameworks */,
				50A5966C22C0A04A00378AAB /* Resources */,
			);
			buildRules = (
			);
			dependencies = (
				50A5967022C0A04A00378AAB /* PBXTargetDependency */,
			);
			name = AnImediateUITests;
			productName = AnImediateUITests;
			productReference = 50A5966E22C0A04A00378AAB /* AnImediateUITests.xctest */;
			productType = "com.apple.product-type.bundle.ui-testing";
		};
/* End PBXNativeTarget section */

/* Begin PBXProject section */
		50A5964722C0A04900378AAB /* Project object */ = {
			isa = PBXProject;
			attributes = {
				LastSwiftUpdateCheck = 1020;
				LastUpgradeCheck = 1020;
				ORGANIZATIONNAME = AI_Love_DeepLearning;
				TargetAttributes = {
					50A5964E22C0A04900378AAB = {
						CreatedOnToolsVersion = 10.2.1;
						LastSwiftMigration = 1020;
					};
					50A5966222C0A04A00378AAB = {
						CreatedOnToolsVersion = 10.2.1;
						TestTargetID = 50A5964E22C0A04900378AAB;
					};
					50A5966D22C0A04A00378AAB = {
						CreatedOnToolsVersion = 10.2.1;
						TestTargetID = 50A5964E22C0A04900378AAB;
					};
				};
			};
			buildConfigurationList = 50A5964A22C0A04900378AAB /* Build configuration list for PBXProject "AnImediate" */;
			compatibilityVersion = "Xcode 9.3";
			developmentRegion = en;
			hasScannedForEncodings = 0;
			knownRegions = (
				en,
				Base,
			);
			mainGroup = 50A5964622C0A04900378AAB;
			productRefGroup = 50A5965022C0A04900378AAB /* Products */;
			projectDirPath = "";
			projectRoot = "";
			targets = (
				50A5964E22C0A04900378AAB /* AnImediate */,
				50A5966222C0A04A00378AAB /* AnImediateTests */,
				50A5966D22C0A04A00378AAB /* AnImediateUITests */,
			);
		};
/* End PBXProject section */

/* Begin PBXResourcesBuildPhase section */
		50A5964D22C0A04900378AAB /* Resources */ = {
			isa = PBXResourcesBuildPhase;
			buildActionMask = 2147483647;
			files = (
				50A5968922C0B09100378AAB /* Login.storyboard in Resources */,
				3F854D1D22CB719F00A1BADA /* ExchangeResult.storyboard in Resources */,
				50A5965D22C0A04A00378AAB /* LaunchScreen.storyboard in Resources */,
				3238AFFF22C1D25200C8D3DD /* RecomCollectionViewCell.xib in Resources */,
				50A5968B22C0B11100378AAB /* SignUp.storyboard in Resources */,
				50A5968722C0ADD500378AAB /* Setting.storyboard in Resources */,
				50A5969522C2F2E200378AAB /* Assets.xcassets in Resources */,
				50A5968322C0AD9C00378AAB /* Exchange.storyboard in Resources */,
				50A5968522C0ADC500378AAB /* AnimeList.storyboard in Resources */,
				50A5968F22C0BAD900378AAB /* GoogleService-Info.plist in Resources */,
				50A5965822C0A04900378AAB /* Main.storyboard in Resources */,
				32CDA23622CB228700BD5A76 /* ThisTermCollectionViewCell.xib in Resources */,
				32CDA23222CB21D300BD5A76 /* SearchResult.storyboard in Resources */,
				32CDA22E22CB219A00BD5A76 /* Search.storyboard in Resources */,
				50A5968122C0AD6400378AAB /* Home.storyboard in Resources */,
			);
			runOnlyForDeploymentPostprocessing = 0;
		};
		50A5966122C0A04A00378AAB /* Resources */ = {
			isa = PBXResourcesBuildPhase;
			buildActionMask = 2147483647;
			files = (
			);
			runOnlyForDeploymentPostprocessing = 0;
		};
		50A5966C22C0A04A00378AAB /* Resources */ = {
			isa = PBXResourcesBuildPhase;
			buildActionMask = 2147483647;
			files = (
			);
			runOnlyForDeploymentPostprocessing = 0;
		};
/* End PBXResourcesBuildPhase section */

/* Begin PBXShellScriptBuildPhase section */
		36C54A20FF5A64875A2467E8 /* [CP] Embed Pods Frameworks */ = {
			isa = PBXShellScriptBuildPhase;
			buildActionMask = 2147483647;
			files = (
			);
			inputFileListPaths = (
				"${PODS_ROOT}/Target Support Files/Pods-AnImediate/Pods-AnImediate-frameworks-${CONFIGURATION}-input-files.xcfilelist",
			);
			inputPaths = (
				"${SRCROOT}/Pods/Target Support Files/Pods-AnImediate/Pods-AnImediate-frameworks.sh",
				"${BUILT_PRODUCTS_DIR}/AutoInsetter/AutoInsetter.framework",
				"${BUILT_PRODUCTS_DIR}/CenteredCollectionView/CenteredCollectionView.framework",
				"${BUILT_PRODUCTS_DIR}/GTMSessionFetcher/GTMSessionFetcher.framework",
				"${BUILT_PRODUCTS_DIR}/GoogleUtilities/GoogleUtilities.framework",
				"${BUILT_PRODUCTS_DIR}/MXParallaxHeader/MXParallaxHeader.framework",
				"${BUILT_PRODUCTS_DIR}/Pageboy/Pageboy.framework",
				"${BUILT_PRODUCTS_DIR}/RSKImageCropper/RSKImageCropper.framework",
				"${BUILT_PRODUCTS_DIR}/Realm/Realm.framework",
				"${BUILT_PRODUCTS_DIR}/RealmSwift/RealmSwift.framework",
				"${BUILT_PRODUCTS_DIR}/Tabman/Tabman.framework",
				"${BUILT_PRODUCTS_DIR}/leveldb-library/leveldb.framework",
				"${BUILT_PRODUCTS_DIR}/nanopb/nanopb.framework",
			);
			name = "[CP] Embed Pods Frameworks";
			outputFileListPaths = (
				"${PODS_ROOT}/Target Support Files/Pods-AnImediate/Pods-AnImediate-frameworks-${CONFIGURATION}-output-files.xcfilelist",
			);
			outputPaths = (
				"${TARGET_BUILD_DIR}/${FRAMEWORKS_FOLDER_PATH}/AutoInsetter.framework",
				"${TARGET_BUILD_DIR}/${FRAMEWORKS_FOLDER_PATH}/CenteredCollectionView.framework",
				"${TARGET_BUILD_DIR}/${FRAMEWORKS_FOLDER_PATH}/GTMSessionFetcher.framework",
				"${TARGET_BUILD_DIR}/${FRAMEWORKS_FOLDER_PATH}/GoogleUtilities.framework",
				"${TARGET_BUILD_DIR}/${FRAMEWORKS_FOLDER_PATH}/MXParallaxHeader.framework",
				"${TARGET_BUILD_DIR}/${FRAMEWORKS_FOLDER_PATH}/Pageboy.framework",
				"${TARGET_BUILD_DIR}/${FRAMEWORKS_FOLDER_PATH}/RSKImageCropper.framework",
				"${TARGET_BUILD_DIR}/${FRAMEWORKS_FOLDER_PATH}/Realm.framework",
				"${TARGET_BUILD_DIR}/${FRAMEWORKS_FOLDER_PATH}/RealmSwift.framework",
				"${TARGET_BUILD_DIR}/${FRAMEWORKS_FOLDER_PATH}/Tabman.framework",
				"${TARGET_BUILD_DIR}/${FRAMEWORKS_FOLDER_PATH}/leveldb.framework",
				"${TARGET_BUILD_DIR}/${FRAMEWORKS_FOLDER_PATH}/nanopb.framework",
			);
			runOnlyForDeploymentPostprocessing = 0;
			shellPath = /bin/sh;
			shellScript = "\"${SRCROOT}/Pods/Target Support Files/Pods-AnImediate/Pods-AnImediate-frameworks.sh\"\n";
			showEnvVarsInLog = 0;
		};
		6841F1C93BB31280EAD5585A /* [CP] Check Pods Manifest.lock */ = {
			isa = PBXShellScriptBuildPhase;
			buildActionMask = 2147483647;
			files = (
			);
			inputFileListPaths = (
			);
			inputPaths = (
				"${PODS_PODFILE_DIR_PATH}/Podfile.lock",
				"${PODS_ROOT}/Manifest.lock",
			);
			name = "[CP] Check Pods Manifest.lock";
			outputFileListPaths = (
			);
			outputPaths = (
				"$(DERIVED_FILE_DIR)/Pods-AnImediateUITests-checkManifestLockResult.txt",
			);
			runOnlyForDeploymentPostprocessing = 0;
			shellPath = /bin/sh;
			shellScript = "diff \"${PODS_PODFILE_DIR_PATH}/Podfile.lock\" \"${PODS_ROOT}/Manifest.lock\" > /dev/null\nif [ $? != 0 ] ; then\n    # print error to STDERR\n    echo \"error: The sandbox is not in sync with the Podfile.lock. Run 'pod install' or update your CocoaPods installation.\" >&2\n    exit 1\nfi\n# This output is used by Xcode 'outputs' to avoid re-running this script phase.\necho \"SUCCESS\" > \"${SCRIPT_OUTPUT_FILE_0}\"\n";
			showEnvVarsInLog = 0;
		};
		B51B53E126CFB1A754490BEB /* [CP] Check Pods Manifest.lock */ = {
			isa = PBXShellScriptBuildPhase;
			buildActionMask = 2147483647;
			files = (
			);
			inputFileListPaths = (
			);
			inputPaths = (
				"${PODS_PODFILE_DIR_PATH}/Podfile.lock",
				"${PODS_ROOT}/Manifest.lock",
			);
			name = "[CP] Check Pods Manifest.lock";
			outputFileListPaths = (
			);
			outputPaths = (
				"$(DERIVED_FILE_DIR)/Pods-AnImediateTests-checkManifestLockResult.txt",
			);
			runOnlyForDeploymentPostprocessing = 0;
			shellPath = /bin/sh;
			shellScript = "diff \"${PODS_PODFILE_DIR_PATH}/Podfile.lock\" \"${PODS_ROOT}/Manifest.lock\" > /dev/null\nif [ $? != 0 ] ; then\n    # print error to STDERR\n    echo \"error: The sandbox is not in sync with the Podfile.lock. Run 'pod install' or update your CocoaPods installation.\" >&2\n    exit 1\nfi\n# This output is used by Xcode 'outputs' to avoid re-running this script phase.\necho \"SUCCESS\" > \"${SCRIPT_OUTPUT_FILE_0}\"\n";
			showEnvVarsInLog = 0;
		};
		EBDD59C72116393AE18D4E40 /* [CP] Check Pods Manifest.lock */ = {
			isa = PBXShellScriptBuildPhase;
			buildActionMask = 2147483647;
			files = (
			);
			inputFileListPaths = (
			);
			inputPaths = (
				"${PODS_PODFILE_DIR_PATH}/Podfile.lock",
				"${PODS_ROOT}/Manifest.lock",
			);
			name = "[CP] Check Pods Manifest.lock";
			outputFileListPaths = (
			);
			outputPaths = (
				"$(DERIVED_FILE_DIR)/Pods-AnImediate-checkManifestLockResult.txt",
			);
			runOnlyForDeploymentPostprocessing = 0;
			shellPath = /bin/sh;
			shellScript = "diff \"${PODS_PODFILE_DIR_PATH}/Podfile.lock\" \"${PODS_ROOT}/Manifest.lock\" > /dev/null\nif [ $? != 0 ] ; then\n    # print error to STDERR\n    echo \"error: The sandbox is not in sync with the Podfile.lock. Run 'pod install' or update your CocoaPods installation.\" >&2\n    exit 1\nfi\n# This output is used by Xcode 'outputs' to avoid re-running this script phase.\necho \"SUCCESS\" > \"${SCRIPT_OUTPUT_FILE_0}\"\n";
			showEnvVarsInLog = 0;
		};
/* End PBXShellScriptBuildPhase section */

/* Begin PBXSourcesBuildPhase section */
		50A5964B22C0A04900378AAB /* Sources */ = {
			isa = PBXSourcesBuildPhase;
			buildActionMask = 2147483647;
			files = (
				50A5969C22C313DE00378AAB /* HomeHeaderVC.swift in Sources */,
				50A5969122C19F7A00378AAB /* SignUpVC.swift in Sources */,
				50A5969322C1F16C00378AAB /* HomeVC.swift in Sources */,
				3238B00122C1D25A00C8D3DD /* Work.swift in Sources */,
				50165BB322C995BC00A038C8 /* UserInfo.swift in Sources */,
				3238AFFB22C1D23700C8D3DD /* AnimeListVC.swift in Sources */,
				9643AE2222C6080800899B61 /* sendMailVC.swift in Sources */,
				50165BAB22C5961E00A038C8 /* WCGraintCircleLayer.swift in Sources */,
				50A5965522C0A04900378AAB /* ViewController.swift in Sources */,
				32CDA23022CB21BD00BD5A76 /* SearchResultVC.swift in Sources */,
				50165BB122C994EA00A038C8 /* BLEConnectivity.swift in Sources */,
				3238AFFD22C1D24700C8D3DD /* RecomCollectionViewCell.swift in Sources */,
				509D820C22C3710900BF813F /* SettingVC.swift in Sources */,
				50165BB522CAEAE300A038C8 /* WatchData.swift in Sources */,
				509D820A22C364D800BF813F /* UIColorExtension.swift in Sources */,
				3F854D1F22CC570700A1BADA /* ExchangeResult.swift in Sources */,
				50A5965322C0A04900378AAB /* AppDelegate.swift in Sources */,
				32CDA22C22CB218800BD5A76 /* SearchVC.swift in Sources */,
				50A5968D22C0B51900378AAB /* LoginVC.swift in Sources */,
				500DC47722C4DCD800C345C9 /* ExchangeVC.swift in Sources */,
				32CDA23522CB228700BD5A76 /* ThisTermCollectionViewCell.swift in Sources */,
				50165BAF22C994E300A038C8 /* P2PConnectivity.swift in Sources */,
			);
			runOnlyForDeploymentPostprocessing = 0;
		};
		50A5965F22C0A04A00378AAB /* Sources */ = {
			isa = PBXSourcesBuildPhase;
			buildActionMask = 2147483647;
			files = (
				50A5966822C0A04A00378AAB /* AnImediateTests.swift in Sources */,
			);
			runOnlyForDeploymentPostprocessing = 0;
		};
		50A5966A22C0A04A00378AAB /* Sources */ = {
			isa = PBXSourcesBuildPhase;
			buildActionMask = 2147483647;
			files = (
				50A5967322C0A04A00378AAB /* AnImediateUITests.swift in Sources */,
			);
			runOnlyForDeploymentPostprocessing = 0;
		};
/* End PBXSourcesBuildPhase section */

/* Begin PBXTargetDependency section */
		50A5966522C0A04A00378AAB /* PBXTargetDependency */ = {
			isa = PBXTargetDependency;
			target = 50A5964E22C0A04900378AAB /* AnImediate */;
			targetProxy = 50A5966422C0A04A00378AAB /* PBXContainerItemProxy */;
		};
		50A5967022C0A04A00378AAB /* PBXTargetDependency */ = {
			isa = PBXTargetDependency;
			target = 50A5964E22C0A04900378AAB /* AnImediate */;
			targetProxy = 50A5966F22C0A04A00378AAB /* PBXContainerItemProxy */;
		};
/* End PBXTargetDependency section */

/* Begin PBXVariantGroup section */
		50A5965622C0A04900378AAB /* Main.storyboard */ = {
			isa = PBXVariantGroup;
			children = (
				50A5965722C0A04900378AAB /* Base */,
			);
			name = Main.storyboard;
			sourceTree = "<group>";
		};
		50A5965B22C0A04A00378AAB /* LaunchScreen.storyboard */ = {
			isa = PBXVariantGroup;
			children = (
				50A5965C22C0A04A00378AAB /* Base */,
			);
			name = LaunchScreen.storyboard;
			sourceTree = "<group>";
		};
/* End PBXVariantGroup section */

/* Begin XCBuildConfiguration section */
		50A5967522C0A04A00378AAB /* Debug */ = {
			isa = XCBuildConfiguration;
			buildSettings = {
				ALWAYS_SEARCH_USER_PATHS = NO;
				CLANG_ANALYZER_NONNULL = YES;
				CLANG_ANALYZER_NUMBER_OBJECT_CONVERSION = YES_AGGRESSIVE;
				CLANG_CXX_LANGUAGE_STANDARD = "gnu++14";
				CLANG_CXX_LIBRARY = "libc++";
				CLANG_ENABLE_MODULES = YES;
				CLANG_ENABLE_OBJC_ARC = YES;
				CLANG_ENABLE_OBJC_WEAK = YES;
				CLANG_WARN_BLOCK_CAPTURE_AUTORELEASING = YES;
				CLANG_WARN_BOOL_CONVERSION = YES;
				CLANG_WARN_COMMA = YES;
				CLANG_WARN_CONSTANT_CONVERSION = YES;
				CLANG_WARN_DEPRECATED_OBJC_IMPLEMENTATIONS = YES;
				CLANG_WARN_DIRECT_OBJC_ISA_USAGE = YES_ERROR;
				CLANG_WARN_DOCUMENTATION_COMMENTS = YES;
				CLANG_WARN_EMPTY_BODY = YES;
				CLANG_WARN_ENUM_CONVERSION = YES;
				CLANG_WARN_INFINITE_RECURSION = YES;
				CLANG_WARN_INT_CONVERSION = YES;
				CLANG_WARN_NON_LITERAL_NULL_CONVERSION = YES;
				CLANG_WARN_OBJC_IMPLICIT_RETAIN_SELF = YES;
				CLANG_WARN_OBJC_LITERAL_CONVERSION = YES;
				CLANG_WARN_OBJC_ROOT_CLASS = YES_ERROR;
				CLANG_WARN_RANGE_LOOP_ANALYSIS = YES;
				CLANG_WARN_STRICT_PROTOTYPES = YES;
				CLANG_WARN_SUSPICIOUS_MOVE = YES;
				CLANG_WARN_UNGUARDED_AVAILABILITY = YES_AGGRESSIVE;
				CLANG_WARN_UNREACHABLE_CODE = YES;
				CLANG_WARN__DUPLICATE_METHOD_MATCH = YES;
				CODE_SIGN_IDENTITY = "iPhone Developer";
				COPY_PHASE_STRIP = NO;
				DEBUG_INFORMATION_FORMAT = dwarf;
				ENABLE_STRICT_OBJC_MSGSEND = YES;
				ENABLE_TESTABILITY = YES;
				GCC_C_LANGUAGE_STANDARD = gnu11;
				GCC_DYNAMIC_NO_PIC = NO;
				GCC_NO_COMMON_BLOCKS = YES;
				GCC_OPTIMIZATION_LEVEL = 0;
				GCC_PREPROCESSOR_DEFINITIONS = (
					"DEBUG=1",
					"$(inherited)",
				);
				GCC_WARN_64_TO_32_BIT_CONVERSION = YES;
				GCC_WARN_ABOUT_RETURN_TYPE = YES_ERROR;
				GCC_WARN_UNDECLARED_SELECTOR = YES;
				GCC_WARN_UNINITIALIZED_AUTOS = YES_AGGRESSIVE;
				GCC_WARN_UNUSED_FUNCTION = YES;
				GCC_WARN_UNUSED_VARIABLE = YES;
				IPHONEOS_DEPLOYMENT_TARGET = 12.2;
				MTL_ENABLE_DEBUG_INFO = INCLUDE_SOURCE;
				MTL_FAST_MATH = YES;
				ONLY_ACTIVE_ARCH = YES;
				SDKROOT = iphoneos;
				SWIFT_ACTIVE_COMPILATION_CONDITIONS = DEBUG;
				SWIFT_OPTIMIZATION_LEVEL = "-Onone";
			};
			name = Debug;
		};
		50A5967622C0A04A00378AAB /* Release */ = {
			isa = XCBuildConfiguration;
			buildSettings = {
				ALWAYS_SEARCH_USER_PATHS = NO;
				CLANG_ANALYZER_NONNULL = YES;
				CLANG_ANALYZER_NUMBER_OBJECT_CONVERSION = YES_AGGRESSIVE;
				CLANG_CXX_LANGUAGE_STANDARD = "gnu++14";
				CLANG_CXX_LIBRARY = "libc++";
				CLANG_ENABLE_MODULES = YES;
				CLANG_ENABLE_OBJC_ARC = YES;
				CLANG_ENABLE_OBJC_WEAK = YES;
				CLANG_WARN_BLOCK_CAPTURE_AUTORELEASING = YES;
				CLANG_WARN_BOOL_CONVERSION = YES;
				CLANG_WARN_COMMA = YES;
				CLANG_WARN_CONSTANT_CONVERSION = YES;
				CLANG_WARN_DEPRECATED_OBJC_IMPLEMENTATIONS = YES;
				CLANG_WARN_DIRECT_OBJC_ISA_USAGE = YES_ERROR;
				CLANG_WARN_DOCUMENTATION_COMMENTS = YES;
				CLANG_WARN_EMPTY_BODY = YES;
				CLANG_WARN_ENUM_CONVERSION = YES;
				CLANG_WARN_INFINITE_RECURSION = YES;
				CLANG_WARN_INT_CONVERSION = YES;
				CLANG_WARN_NON_LITERAL_NULL_CONVERSION = YES;
				CLANG_WARN_OBJC_IMPLICIT_RETAIN_SELF = YES;
				CLANG_WARN_OBJC_LITERAL_CONVERSION = YES;
				CLANG_WARN_OBJC_ROOT_CLASS = YES_ERROR;
				CLANG_WARN_RANGE_LOOP_ANALYSIS = YES;
				CLANG_WARN_STRICT_PROTOTYPES = YES;
				CLANG_WARN_SUSPICIOUS_MOVE = YES;
				CLANG_WARN_UNGUARDED_AVAILABILITY = YES_AGGRESSIVE;
				CLANG_WARN_UNREACHABLE_CODE = YES;
				CLANG_WARN__DUPLICATE_METHOD_MATCH = YES;
				CODE_SIGN_IDENTITY = "iPhone Developer";
				COPY_PHASE_STRIP = NO;
				DEBUG_INFORMATION_FORMAT = "dwarf-with-dsym";
				ENABLE_NS_ASSERTIONS = NO;
				ENABLE_STRICT_OBJC_MSGSEND = YES;
				GCC_C_LANGUAGE_STANDARD = gnu11;
				GCC_NO_COMMON_BLOCKS = YES;
				GCC_WARN_64_TO_32_BIT_CONVERSION = YES;
				GCC_WARN_ABOUT_RETURN_TYPE = YES_ERROR;
				GCC_WARN_UNDECLARED_SELECTOR = YES;
				GCC_WARN_UNINITIALIZED_AUTOS = YES_AGGRESSIVE;
				GCC_WARN_UNUSED_FUNCTION = YES;
				GCC_WARN_UNUSED_VARIABLE = YES;
				IPHONEOS_DEPLOYMENT_TARGET = 12.2;
				MTL_ENABLE_DEBUG_INFO = NO;
				MTL_FAST_MATH = YES;
				SDKROOT = iphoneos;
				SWIFT_COMPILATION_MODE = wholemodule;
				SWIFT_OPTIMIZATION_LEVEL = "-O";
				VALIDATE_PRODUCT = YES;
			};
			name = Release;
		};
		50A5967822C0A04A00378AAB /* Debug */ = {
			isa = XCBuildConfiguration;
			baseConfigurationReference = FDBAE68DAB7B5D57B7618542 /* Pods-AnImediate.debug.xcconfig */;
			buildSettings = {
				ASSETCATALOG_COMPILER_APPICON_NAME = AppIcon;
				CLANG_ENABLE_MODULES = YES;
				CODE_SIGN_STYLE = Automatic;
				DEFINES_MODULE = YES;
				DEVELOPMENT_TEAM = "";
				INFOPLIST_FILE = AnImediate/Info.plist;
				LD_RUNPATH_SEARCH_PATHS = (
					"$(inherited)",
					"@executable_path/Frameworks",
				);
				PRODUCT_BUNDLE_IDENTIFIER = "ai-love-deepLearning.AnImediate";
				PRODUCT_NAME = "$(TARGET_NAME)";
				SWIFT_OBJC_BRIDGING_HEADER = "AnImediate/AnImediate-Bridging-Header.h";
				SWIFT_OPTIMIZATION_LEVEL = "-Onone";
				SWIFT_VERSION = 5.0;
				TARGETED_DEVICE_FAMILY = "1,2";
			};
			name = Debug;
		};
		50A5967922C0A04A00378AAB /* Release */ = {
			isa = XCBuildConfiguration;
			baseConfigurationReference = EE0226A2FFB630F77D4C884F /* Pods-AnImediate.release.xcconfig */;
			buildSettings = {
				ASSETCATALOG_COMPILER_APPICON_NAME = AppIcon;
				CLANG_ENABLE_MODULES = YES;
				CODE_SIGN_STYLE = Automatic;
				DEFINES_MODULE = YES;
				DEVELOPMENT_TEAM = "";
				INFOPLIST_FILE = AnImediate/Info.plist;
				LD_RUNPATH_SEARCH_PATHS = (
					"$(inherited)",
					"@executable_path/Frameworks",
				);
				PRODUCT_BUNDLE_IDENTIFIER = "ai-love-deepLearning.AnImediate";
				PRODUCT_NAME = "$(TARGET_NAME)";
				SWIFT_OBJC_BRIDGING_HEADER = "AnImediate/AnImediate-Bridging-Header.h";
				SWIFT_VERSION = 5.0;
				TARGETED_DEVICE_FAMILY = "1,2";
			};
			name = Release;
		};
		50A5967B22C0A04A00378AAB /* Debug */ = {
			isa = XCBuildConfiguration;
			baseConfigurationReference = B0E9B47C3A4EA7396AA01598 /* Pods-AnImediateTests.debug.xcconfig */;
			buildSettings = {
				ALWAYS_EMBED_SWIFT_STANDARD_LIBRARIES = YES;
				BUNDLE_LOADER = "$(TEST_HOST)";
				CODE_SIGN_STYLE = Automatic;
				DEVELOPMENT_TEAM = V85Y4GF6BG;
				INFOPLIST_FILE = AnImediateTests/Info.plist;
				LD_RUNPATH_SEARCH_PATHS = (
					"$(inherited)",
					"@executable_path/Frameworks",
					"@loader_path/Frameworks",
				);
				PRODUCT_BUNDLE_IDENTIFIER = "ai-love-deepLearning.AnImediateTests";
				PRODUCT_NAME = "$(TARGET_NAME)";
				SWIFT_VERSION = 5.0;
				TARGETED_DEVICE_FAMILY = "1,2";
				TEST_HOST = "$(BUILT_PRODUCTS_DIR)/AnImediate.app/AnImediate";
			};
			name = Debug;
		};
		50A5967C22C0A04A00378AAB /* Release */ = {
			isa = XCBuildConfiguration;
			baseConfigurationReference = 5098E2373B4F5EBAB8EFCFE3 /* Pods-AnImediateTests.release.xcconfig */;
			buildSettings = {
				ALWAYS_EMBED_SWIFT_STANDARD_LIBRARIES = YES;
				BUNDLE_LOADER = "$(TEST_HOST)";
				CODE_SIGN_STYLE = Automatic;
				DEVELOPMENT_TEAM = V85Y4GF6BG;
				INFOPLIST_FILE = AnImediateTests/Info.plist;
				LD_RUNPATH_SEARCH_PATHS = (
					"$(inherited)",
					"@executable_path/Frameworks",
					"@loader_path/Frameworks",
				);
				PRODUCT_BUNDLE_IDENTIFIER = "ai-love-deepLearning.AnImediateTests";
				PRODUCT_NAME = "$(TARGET_NAME)";
				SWIFT_VERSION = 5.0;
				TARGETED_DEVICE_FAMILY = "1,2";
				TEST_HOST = "$(BUILT_PRODUCTS_DIR)/AnImediate.app/AnImediate";
			};
			name = Release;
		};
		50A5967E22C0A04A00378AAB /* Debug */ = {
			isa = XCBuildConfiguration;
			baseConfigurationReference = B68E9BB81DF5216782F7EB60 /* Pods-AnImediateUITests.debug.xcconfig */;
			buildSettings = {
				ALWAYS_EMBED_SWIFT_STANDARD_LIBRARIES = YES;
				CODE_SIGN_STYLE = Automatic;
				DEVELOPMENT_TEAM = V85Y4GF6BG;
				INFOPLIST_FILE = AnImediateUITests/Info.plist;
				LD_RUNPATH_SEARCH_PATHS = (
					"$(inherited)",
					"@executable_path/Frameworks",
					"@loader_path/Frameworks",
				);
				PRODUCT_BUNDLE_IDENTIFIER = "ai-love-deepLearning.AnImediateUITests";
				PRODUCT_NAME = "$(TARGET_NAME)";
				SWIFT_VERSION = 5.0;
				TARGETED_DEVICE_FAMILY = "1,2";
				TEST_TARGET_NAME = AnImediate;
			};
			name = Debug;
		};
		50A5967F22C0A04A00378AAB /* Release */ = {
			isa = XCBuildConfiguration;
			baseConfigurationReference = EC37CF02F491BD4700AF8D47 /* Pods-AnImediateUITests.release.xcconfig */;
			buildSettings = {
				ALWAYS_EMBED_SWIFT_STANDARD_LIBRARIES = YES;
				CODE_SIGN_STYLE = Automatic;
				DEVELOPMENT_TEAM = V85Y4GF6BG;
				INFOPLIST_FILE = AnImediateUITests/Info.plist;
				LD_RUNPATH_SEARCH_PATHS = (
					"$(inherited)",
					"@executable_path/Frameworks",
					"@loader_path/Frameworks",
				);
				PRODUCT_BUNDLE_IDENTIFIER = "ai-love-deepLearning.AnImediateUITests";
				PRODUCT_NAME = "$(TARGET_NAME)";
				SWIFT_VERSION = 5.0;
				TARGETED_DEVICE_FAMILY = "1,2";
				TEST_TARGET_NAME = AnImediate;
			};
			name = Release;
		};
/* End XCBuildConfiguration section */

/* Begin XCConfigurationList section */
		50A5964A22C0A04900378AAB /* Build configuration list for PBXProject "AnImediate" */ = {
			isa = XCConfigurationList;
			buildConfigurations = (
				50A5967522C0A04A00378AAB /* Debug */,
				50A5967622C0A04A00378AAB /* Release */,
			);
			defaultConfigurationIsVisible = 0;
			defaultConfigurationName = Release;
		};
		50A5967722C0A04A00378AAB /* Build configuration list for PBXNativeTarget "AnImediate" */ = {
			isa = XCConfigurationList;
			buildConfigurations = (
				50A5967822C0A04A00378AAB /* Debug */,
				50A5967922C0A04A00378AAB /* Release */,
			);
			defaultConfigurationIsVisible = 0;
			defaultConfigurationName = Release;
		};
		50A5967A22C0A04A00378AAB /* Build configuration list for PBXNativeTarget "AnImediateTests" */ = {
			isa = XCConfigurationList;
			buildConfigurations = (
				50A5967B22C0A04A00378AAB /* Debug */,
				50A5967C22C0A04A00378AAB /* Release */,
			);
			defaultConfigurationIsVisible = 0;
			defaultConfigurationName = Release;
		};
		50A5967D22C0A04A00378AAB /* Build configuration list for PBXNativeTarget "AnImediateUITests" */ = {
			isa = XCConfigurationList;
			buildConfigurations = (
				50A5967E22C0A04A00378AAB /* Debug */,
				50A5967F22C0A04A00378AAB /* Release */,
			);
			defaultConfigurationIsVisible = 0;
			defaultConfigurationName = Release;
		};
/* End XCConfigurationList section */
	};
	rootObject = 50A5964722C0A04900378AAB /* Project object */;
}
